{
  "originHash" : "7ab483e3833a052a7e28e350dd507e00d52184b66d64cf9fdc5ee97a72eb96e4",
  "pins" : [
    {
      "identity" : "keyboardshortcuts",
      "kind" : "remoteSourceControl",
      "location" : "https://github.com/sindresorhus/KeyboardShortcuts",
      "state" : {
        "revision" : "1aef85578fdd4f9eaeeb8d53b7b4fc31bf08fe27",
        "version" : "2.4.0"
      }
    }
  ],
  "version" : 3
}
